{
  "name": "how-to-start-messenger",
  "version": "1.0.0",
  "lockfileVersion": 1,
  "requires": true,
  "dependencies": {
    "@firebase/app": {
      "version": "0.1.1",
      "resolved": "https://registry.npmjs.org/@firebase/app/-/app-0.1.1.tgz",
      "integrity": "sha512-LoZj/Igo1PbfSorPRCozTlBhrFvOyxZsiMo2fLyDa2w/gdPbMucpWUi0vIBronR6T/yNJRWdZyyHOMieLtnjcw==",
      "requires": {
        "@firebase/util": "0.1.1"
      }
    },
    "@firebase/auth": {
      "version": "0.2.0",
      "resolved": "https://registry.npmjs.org/@firebase/auth/-/auth-0.2.0.tgz",
      "integrity": "sha512-02tAnE1KcorVJRjs+xf0AngsRyYRpdZ9yDVHX+J5x2Z9v4qNpp1FPkx3A8hmqznCAgqc4C0EbaxHg0BcUlQsWw=="
    },
    "@firebase/database": {
      "version": "0.1.2",
      "resolved": "https://registry.npmjs.org/@firebase/database/-/database-0.1.2.tgz",
      "integrity": "sha512-60D08yaQJ6RVegxriC/VNpHE2+/4itTtxBbo15P8WkFfnsjjJVK8AkkFiCjOxj6TccpjzoAz69Xe2/p8po2fEg==",
      "requires": {
        "@firebase/util": "0.1.1",
        "faye-websocket": "0.9.3"
      }
    },
    "@firebase/firestore": {
      "version": "0.1.2",
      "resolved": "https://registry.npmjs.org/@firebase/firestore/-/firestore-0.1.2.tgz",
      "integrity": "sha512-VqPLPKiSy0EzsQfA4w0qYT93KgkiL/NAIS6Ibajuuts2wbz2CBgsZM1nPvgJnaQCN8LPAT/Vvn2th7nMozFHag==",
      "requires": {
        "@firebase/webchannel-wrapper": "0.2.3"
      }
    },
    "@firebase/messaging": {
      "version": "0.1.2",
      "resolved": "https://registry.npmjs.org/@firebase/messaging/-/messaging-0.1.2.tgz",
      "integrity": "sha512-fZHhO1FO2RHOVg8A0BhwF+Ay0A34AtMEyjo9csht+TQNEaG924Jkf2tUG13nqRda63tmjT5REeWnGv6qAZU4Jw==",
      "requires": {
        "@firebase/util": "0.1.1"
      }
    },
    "@firebase/polyfill": {
      "version": "0.1.1",
      "resolved": "https://registry.npmjs.org/@firebase/polyfill/-/polyfill-0.1.1.tgz",
      "integrity": "sha512-XvZzppOmu5NZvWkvxZuWpD5VeMhyhhlrMvyFAwlOeYrJKcBFkIbmSX46Pe5ttuXYp6EjrVia/Bh1h2h0NYgE7g==",
      "requires": {
        "promise-polyfill": "6.0.2"
      }
    },
    "@firebase/storage": {
      "version": "0.1.1",
      "resolved": "https://registry.npmjs.org/@firebase/storage/-/storage-0.1.1.tgz",
      "integrity": "sha512-ccnANSW/Sun8/pFssCdOsVQrdyDb/ReKU/P0rbDdU0LvnWkYEckegJrYSoDliHuht19qHSl5C062q82ZxReVRQ=="
    },
    "@firebase/util": {
      "version": "0.1.1",
      "resolved": "https://registry.npmjs.org/@firebase/util/-/util-0.1.1.tgz",
      "integrity": "sha512-HtJ3UEecoy2qjoTXwtp0tN4pVR+zH6+pSMtxLHSxgkAAExKsPJUp5W91O6LivjRdiakRwjMZEE9bVPFUCHDhlQ=="
    },
    "@firebase/webchannel-wrapper": {
      "version": "0.2.3",
      "resolved": "https://registry.npmjs.org/@firebase/webchannel-wrapper/-/webchannel-wrapper-0.2.3.tgz",
      "integrity": "sha512-EWSvoDVXmUwP1nP65ob1gEGiJi38Pv1e9dmL1DHBcupmYdST1cbYper6N2EVnCkzMIm2/EfZiGSL1nf8V4uiKg=="
    },
    "base64url": {
      "version": "2.0.0",
      "resolved": "https://registry.npmjs.org/base64url/-/base64url-2.0.0.tgz",
      "integrity": "sha1-6sFuA+oUOO/5Qj1puqNiYu0fcLs="
    },
    "buffer-equal-constant-time": {
      "version": "1.0.1",
      "resolved": "https://registry.npmjs.org/buffer-equal-constant-time/-/buffer-equal-constant-time-1.0.1.tgz",
      "integrity": "sha1-+OcRMvf/5uAaXJaXpMbz5I1cyBk="
    },
    "dom-storage": {
      "version": "2.0.2",
      "resolved": "https://registry.npmjs.org/dom-storage/-/dom-storage-2.0.2.tgz",
      "integrity": "sha1-7RfL9oq9EOCu+BgnE+KXxeS1ALA="
    },
    "dotenv": {
      "version": "4.0.0",
      "resolved": "https://registry.npmjs.org/dotenv/-/dotenv-4.0.0.tgz",
      "integrity": "sha1-hk7xN5rO1Vzm+V3r7NzhefegzR0="
    },
    "ecdsa-sig-formatter": {
      "version": "1.0.9",
      "resolved": "https://registry.npmjs.org/ecdsa-sig-formatter/-/ecdsa-sig-formatter-1.0.9.tgz",
      "integrity": "sha1-S8kmJ07Dtau1AW5+HWCSGsJisqE=",
      "requires": {
        "base64url": "2.0.0",
        "safe-buffer": "5.1.1"
      }
    },
    "faye-websocket": {
      "version": "0.9.3",
      "resolved": "https://registry.npmjs.org/faye-websocket/-/faye-websocket-0.9.3.tgz",
      "integrity": "sha1-SCpQWw3wrmJrlphm0710DNuWLoM=",
      "requires": {
        "websocket-driver": "0.7.0"
      }
    },
    "firebase": {
      "version": "4.6.0",
      "resolved": "https://registry.npmjs.org/firebase/-/firebase-4.6.0.tgz",
      "integrity": "sha512-lfVXLQiCNcNsmG7ZxQapQRdE/kZOjheBZVZ1MNK80GTsuK9RO7DYO5Qdf4K9Om8r7OBZ4nRp438kGkf24x7sOg==",
      "requires": {
        "@firebase/app": "0.1.1",
        "@firebase/auth": "0.2.0",
        "@firebase/database": "0.1.2",
        "@firebase/firestore": "0.1.2",
        "@firebase/messaging": "0.1.2",
        "@firebase/polyfill": "0.1.1",
        "@firebase/storage": "0.1.1",
        "dom-storage": "2.0.2",
        "xmlhttprequest": "1.8.0"
      }
    },
    "http-parser-js": {
      "version": "0.4.9",
      "resolved": "https://registry.npmjs.org/http-parser-js/-/http-parser-js-0.4.9.tgz",
      "integrity": "sha1-6hoE+2St/wJC6ZdPKX3Uw8rSceE="
    },
    "jsonwebtoken": {
      "version": "8.1.0",
      "resolved": "https://registry.npmjs.org/jsonwebtoken/-/jsonwebtoken-8.1.0.tgz",
      "integrity": "sha1-xjl80uX9WD1lwAeoPce7eOaYK4M=",
      "requires": {
        "jws": "3.1.4",
        "lodash.includes": "4.3.0",
        "lodash.isboolean": "3.0.3",
        "lodash.isinteger": "4.0.4",
        "lodash.isnumber": "3.0.3",
        "lodash.isplainobject": "4.0.6",
        "lodash.isstring": "4.0.1",
        "lodash.once": "4.1.1",
        "ms": "2.0.0",
        "xtend": "4.0.1"
      }
    },
    "jwa": {
      "version": "1.1.5",
      "resolved": "https://registry.npmjs.org/jwa/-/jwa-1.1.5.tgz",
      "integrity": "sha1-oFUs4CIHQs1S4VN3SjKQXDDnVuU=",
      "requires": {
        "base64url": "2.0.0",
        "buffer-equal-constant-time": "1.0.1",
        "ecdsa-sig-formatter": "1.0.9",
        "safe-buffer": "5.1.1"
      }
    },
    "jws": {
      "version": "3.1.4",
      "resolved": "https://registry.npmjs.org/jws/-/jws-3.1.4.tgz",
      "integrity": "sha1-+ei5M46KhHJ31kRLFGT2GIDgUKI=",
      "requires": {
        "base64url": "2.0.0",
        "jwa": "1.1.5",
        "safe-buffer": "5.1.1"
      }
    },
    "lodash.includes": {
      "version": "4.3.0",
      "resolved": "https://registry.npmjs.org/lodash.includes/-/lodash.includes-4.3.0.tgz",
      "integrity": "sha1-YLuYqHy5I8aMoeUTJUgzFISfVT8="
    },
    "lodash.isboolean": {
      "version": "3.0.3",
      "resolved": "https://registry.npmjs.org/lodash.isboolean/-/lodash.isboolean-3.0.3.tgz",
      "integrity": "sha1-bC4XHbKiV82WgC/UOwGyDV9YcPY="
    },
    "lodash.isinteger": {
      "version": "4.0.4",
      "resolved": "https://registry.npmjs.org/lodash.isinteger/-/lodash.isinteger-4.0.4.tgz",
      "integrity": "sha1-YZwK89A/iwTDH1iChAt3sRzWg0M="
    },
    "lodash.isnumber": {
      "version": "3.0.3",
      "resolved": "https://registry.npmjs.org/lodash.isnumber/-/lodash.isnumber-3.0.3.tgz",
      "integrity": "sha1-POdoEMWSjQM1IwGsKHMX8RwLH/w="
    },
    "lodash.isplainobject": {
      "version": "4.0.6",
      "resolved": "https://registry.npmjs.org/lodash.isplainobject/-/lodash.isplainobject-4.0.6.tgz",
      "integrity": "sha1-fFJqUtibRcRcxpC4gWO+BJf1UMs="
    },
    "lodash.isstring": {
      "version": "4.0.1",
      "resolved": "https://registry.npmjs.org/lodash.isstring/-/lodash.isstring-4.0.1.tgz",
      "integrity": "sha1-1SfftUVuynzJu5XV2ur4i6VKVFE="
    },
    "lodash.once": {
      "version": "4.1.1",
      "resolved": "https://registry.npmjs.org/lodash.once/-/lodash.once-4.1.1.tgz",
      "integrity": "sha1-DdOXEhPHxW34gJd9UEyI+0cal6w="
    },
    "ms": {
      "version": "2.0.0",
      "resolved": "https://registry.npmjs.org/ms/-/ms-2.0.0.tgz",
      "integrity": "sha1-VgiurfwAvmwpAd9fmGF4jeDVl8g="
    },
    "promise-polyfill": {
      "version": "6.0.2",
      "resolved": "https://registry.npmjs.org/promise-polyfill/-/promise-polyfill-6.0.2.tgz",
      "integrity": "sha1-2chtPcTcLfkBboiUbe/Wm0m0EWI="
    },
    "safe-buffer": {
      "version": "5.1.1",
      "resolved": "https://registry.npmjs.org/safe-buffer/-/safe-buffer-5.1.1.tgz",
      "integrity": "sha512-kKvNJn6Mm93gAczWVJg7wH+wGYWNrDHdWvpUmHyEsgCtIwwo3bqPtV4tR5tuPaUhTOo/kvhVwd8XwwOllGYkbg=="
    },
    "websocket-driver": {
      "version": "0.7.0",
      "resolved": "https://registry.npmjs.org/websocket-driver/-/websocket-driver-0.7.0.tgz",
      "integrity": "sha1-DK+dLXVdk67gSdS90NP+LMoqJOs=",
      "requires": {
        "http-parser-js": "0.4.9",
        "websocket-extensions": "0.1.2"
      }
    },
    "websocket-extensions": {
      "version": "0.1.2",
      "resolved": "https://registry.npmjs.org/websocket-extensions/-/websocket-extensions-0.1.2.tgz",
      "integrity": "sha1-Dhh4HeYpoYMIzhSBZQ9n/6JpOl0="
    },
    "xmlhttprequest": {
      "version": "1.8.0",
      "resolved": "https://registry.npmjs.org/xmlhttprequest/-/xmlhttprequest-1.8.0.tgz",
      "integrity": "sha1-Z/4HXFwk/vOfnWX197f+dRcZaPw="
    },
    "xtend": {
      "version": "4.0.1",
      "resolved": "https://registry.npmjs.org/xtend/-/xtend-4.0.1.tgz",
      "integrity": "sha1-pcbVMr5lbiPbgg77lDofBJmNY68="
    }
  }
}
